// !$*UTF8*$!
{
	archiveVersion = 1;
	classes = {
	};
	objectVersion = 50;
	objects = {

/* Begin PBXBuildFile section */
		B764E21425D3FF65008CB679 /* AppDelegate.swift in Sources */ = {isa = PBXBuildFile; fileRef = B764E21325D3FF65008CB679 /* AppDelegate.swift */; };
		B764E21825D3FF65008CB679 /* ViewController.swift in Sources */ = {isa = PBXBuildFile; fileRef = B764E21725D3FF65008CB679 /* ViewController.swift */; };
		B764E21B25D3FF65008CB679 /* Main.storyboard in Resources */ = {isa = PBXBuildFile; fileRef = B764E21925D3FF65008CB679 /* Main.storyboard */; };
		B764E21E25D3FF65008CB679 /* iMovie.xcdatamodeld in Sources */ = {isa = PBXBuildFile; fileRef = B764E21C25D3FF65008CB679 /* iMovie.xcdatamodeld */; };
		B764E22025D3FF68008CB679 /* Assets.xcassets in Resources */ = {isa = PBXBuildFile; fileRef = B764E21F25D3FF68008CB679 /* Assets.xcassets */; };
		B764E22325D3FF68008CB679 /* LaunchScreen.storyboard in Resources */ = {isa = PBXBuildFile; fileRef = B764E22125D3FF68008CB679 /* LaunchScreen.storyboard */; };
		B764E22E25D3FF69008CB679 /* iMovieTests.swift in Sources */ = {isa = PBXBuildFile; fileRef = B764E22D25D3FF69008CB679 /* iMovieTests.swift */; };
		B764E23925D3FF69008CB679 /* iMovieUITests.swift in Sources */ = {isa = PBXBuildFile; fileRef = B764E23825D3FF69008CB679 /* iMovieUITests.swift */; };
		B764E26025D40A0F008CB679 /* BaseHTTPClient.swift in Sources */ = {isa = PBXBuildFile; fileRef = B764E25D25D40A0F008CB679 /* BaseHTTPClient.swift */; };
		B764E26125D40A0F008CB679 /* RemoteImageDataLoader.swift in Sources */ = {isa = PBXBuildFile; fileRef = B764E25E25D40A0F008CB679 /* RemoteImageDataLoader.swift */; };
		B764E26225D40A0F008CB679 /* ImageDataLoader.swift in Sources */ = {isa = PBXBuildFile; fileRef = B764E25F25D40A0F008CB679 /* ImageDataLoader.swift */; };
/* End PBXBuildFile section */

/* Begin PBXContainerItemProxy section */
		B764E22A25D3FF69008CB679 /* PBXContainerItemProxy */ = {
			isa = PBXContainerItemProxy;
			containerPortal = B764E20825D3FF65008CB679 /* Project object */;
			proxyType = 1;
			remoteGlobalIDString = B764E20F25D3FF65008CB679;
			remoteInfo = iMovie;
		};
		B764E23525D3FF69008CB679 /* PBXContainerItemProxy */ = {
			isa = PBXContainerItemProxy;
			containerPortal = B764E20825D3FF65008CB679 /* Project object */;
			proxyType = 1;
			remoteGlobalIDString = B764E20F25D3FF65008CB679;
			remoteInfo = iMovie;
		};
/* End PBXContainerItemProxy section */

/* Begin PBXFileReference section */
		B764E21025D3FF65008CB679 /* iMovie.app */ = {isa = PBXFileReference; explicitFileType = wrapper.application; includeInIndex = 0; path = iMovie.app; sourceTree = BUILT_PRODUCTS_DIR; };
		B764E21325D3FF65008CB679 /* AppDelegate.swift */ = {isa = PBXFileReference; lastKnownFileType = sourcecode.swift; path = AppDelegate.swift; sourceTree = "<group>"; };
		B764E21725D3FF65008CB679 /* ViewController.swift */ = {isa = PBXFileReference; lastKnownFileType = sourcecode.swift; path = ViewController.swift; sourceTree = "<group>"; };
		B764E21A25D3FF65008CB679 /* Base */ = {isa = PBXFileReference; lastKnownFileType = file.storyboard; name = Base; path = Base.lproj/Main.storyboard; sourceTree = "<group>"; };
		B764E21D25D3FF65008CB679 /* iMovie.xcdatamodel */ = {isa = PBXFileReference; lastKnownFileType = wrapper.xcdatamodel; path = iMovie.xcdatamodel; sourceTree = "<group>"; };
		B764E21F25D3FF68008CB679 /* Assets.xcassets */ = {isa = PBXFileReference; lastKnownFileType = folder.assetcatalog; path = Assets.xcassets; sourceTree = "<group>"; };
		B764E22225D3FF68008CB679 /* Base */ = {isa = PBXFileReference; lastKnownFileType = file.storyboard; name = Base; path = Base.lproj/LaunchScreen.storyboard; sourceTree = "<group>"; };
		B764E22425D3FF68008CB679 /* Info.plist */ = {isa = PBXFileReference; lastKnownFileType = text.plist.xml; path = Info.plist; sourceTree = "<group>"; };
		B764E22925D3FF69008CB679 /* iMovieTests.xctest */ = {isa = PBXFileReference; explicitFileType = wrapper.cfbundle; includeInIndex = 0; path = iMovieTests.xctest; sourceTree = BUILT_PRODUCTS_DIR; };
		B764E22D25D3FF69008CB679 /* iMovieTests.swift */ = {isa = PBXFileReference; lastKnownFileType = sourcecode.swift; path = iMovieTests.swift; sourceTree = "<group>"; };
		B764E22F25D3FF69008CB679 /* Info.plist */ = {isa = PBXFileReference; lastKnownFileType = text.plist.xml; path = Info.plist; sourceTree = "<group>"; };
		B764E23425D3FF69008CB679 /* iMovieUITests.xctest */ = {isa = PBXFileReference; explicitFileType = wrapper.cfbundle; includeInIndex = 0; path = iMovieUITests.xctest; sourceTree = BUILT_PRODUCTS_DIR; };
		B764E23825D3FF69008CB679 /* iMovieUITests.swift */ = {isa = PBXFileReference; lastKnownFileType = sourcecode.swift; path = iMovieUITests.swift; sourceTree = "<group>"; };
		B764E23A25D3FF69008CB679 /* Info.plist */ = {isa = PBXFileReference; lastKnownFileType = text.plist.xml; path = Info.plist; sourceTree = "<group>"; };
		B764E25D25D40A0F008CB679 /* BaseHTTPClient.swift */ = {isa = PBXFileReference; fileEncoding = 4; lastKnownFileType = sourcecode.swift; path = BaseHTTPClient.swift; sourceTree = "<group>"; };
		B764E25E25D40A0F008CB679 /* RemoteImageDataLoader.swift */ = {isa = PBXFileReference; fileEncoding = 4; lastKnownFileType = sourcecode.swift; path = RemoteImageDataLoader.swift; sourceTree = "<group>"; };
		B764E25F25D40A0F008CB679 /* ImageDataLoader.swift */ = {isa = PBXFileReference; fileEncoding = 4; lastKnownFileType = sourcecode.swift; path = ImageDataLoader.swift; sourceTree = "<group>"; };
/* End PBXFileReference section */

/* Begin PBXFrameworksBuildPhase section */
		B764E20D25D3FF65008CB679 /* Frameworks */ = {
			isa = PBXFrameworksBuildPhase;
			buildActionMask = 2147483647;
			files = (
			);
			runOnlyForDeploymentPostprocessing = 0;
		};
		B764E22625D3FF69008CB679 /* Frameworks */ = {
			isa = PBXFrameworksBuildPhase;
			buildActionMask = 2147483647;
			files = (
			);
			runOnlyForDeploymentPostprocessing = 0;
		};
		B764E23125D3FF69008CB679 /* Frameworks */ = {
			isa = PBXFrameworksBuildPhase;
			buildActionMask = 2147483647;
			files = (
			);
			runOnlyForDeploymentPostprocessing = 0;
		};
/* End PBXFrameworksBuildPhase section */

/* Begin PBXGroup section */
		B764E20725D3FF65008CB679 = {
			isa = PBXGroup;
			children = (
				B764E21225D3FF65008CB679 /* iMovie */,
				B764E22C25D3FF69008CB679 /* iMovieTests */,
				B764E23725D3FF69008CB679 /* iMovieUITests */,
				B764E21125D3FF65008CB679 /* Products */,
			);
			sourceTree = "<group>";
		};
		B764E21125D3FF65008CB679 /* Products */ = {
			isa = PBXGroup;
			children = (
				B764E21025D3FF65008CB679 /* iMovie.app */,
				B764E22925D3FF69008CB679 /* iMovieTests.xctest */,
				B764E23425D3FF69008CB679 /* iMovieUITests.xctest */,
			);
			name = Products;
			sourceTree = "<group>";
		};
		B764E21225D3FF65008CB679 /* iMovie */ = {
			isa = PBXGroup;
			children = (
				B764E25B25D409DA008CB679 /* Modules */,
				B764E25A25D409C2008CB679 /* Core */,
				B764E24D25D3FFD9008CB679 /* Storyboards */,
				B764E21325D3FF65008CB679 /* AppDelegate.swift */,
				B764E21725D3FF65008CB679 /* ViewController.swift */,
				B764E21F25D3FF68008CB679 /* Assets.xcassets */,
				B764E22425D3FF68008CB679 /* Info.plist */,
				B764E21C25D3FF65008CB679 /* iMovie.xcdatamodeld */,
			);
			path = iMovie;
			sourceTree = "<group>";
		};
		B764E22C25D3FF69008CB679 /* iMovieTests */ = {
			isa = PBXGroup;
			children = (
				B764E22D25D3FF69008CB679 /* iMovieTests.swift */,
				B764E22F25D3FF69008CB679 /* Info.plist */,
			);
			path = iMovieTests;
			sourceTree = "<group>";
		};
		B764E23725D3FF69008CB679 /* iMovieUITests */ = {
			isa = PBXGroup;
			children = (
				B764E23825D3FF69008CB679 /* iMovieUITests.swift */,
				B764E23A25D3FF69008CB679 /* Info.plist */,
			);
			path = iMovieUITests;
			sourceTree = "<group>";
		};
		B764E24D25D3FFD9008CB679 /* Storyboards */ = {
			isa = PBXGroup;
			children = (
				B764E21925D3FF65008CB679 /* Main.storyboard */,
				B764E22125D3FF68008CB679 /* LaunchScreen.storyboard */,
			);
			path = Storyboards;
			sourceTree = "<group>";
		};
		B764E25A25D409C2008CB679 /* Core */ = {
			isa = PBXGroup;
			children = (
				B764E25C25D409F9008CB679 /* API */,
			);
			path = Core;
			sourceTree = "<group>";
		};
		B764E25B25D409DA008CB679 /* Modules */ = {
			isa = PBXGroup;
			children = (
			);
			path = Modules;
			sourceTree = "<group>";
		};
		B764E25C25D409F9008CB679 /* API */ = {
			isa = PBXGroup;
			children = (
				B764E25D25D40A0F008CB679 /* BaseHTTPClient.swift */,
				B764E25F25D40A0F008CB679 /* ImageDataLoader.swift */,
				B764E25E25D40A0F008CB679 /* RemoteImageDataLoader.swift */,
			);
			path = API;
			sourceTree = "<group>";
		};
/* End PBXGroup section */

/* Begin PBXNativeTarget section */
		B764E20F25D3FF65008CB679 /* iMovie */ = {
			isa = PBXNativeTarget;
			buildConfigurationList = B764E23D25D3FF69008CB679 /* Build configuration list for PBXNativeTarget "iMovie" */;
			buildPhases = (
				B764E20C25D3FF65008CB679 /* Sources */,
				B764E20D25D3FF65008CB679 /* Frameworks */,
				B764E20E25D3FF65008CB679 /* Resources */,
			);
			buildRules = (
			);
			dependencies = (
			);
			name = iMovie;
			productName = iMovie;
			productReference = B764E21025D3FF65008CB679 /* iMovie.app */;
			productType = "com.apple.product-type.application";
		};
		B764E22825D3FF69008CB679 /* iMovieTests */ = {
			isa = PBXNativeTarget;
			buildConfigurationList = B764E24025D3FF69008CB679 /* Build configuration list for PBXNativeTarget "iMovieTests" */;
			buildPhases = (
				B764E22525D3FF69008CB679 /* Sources */,
				B764E22625D3FF69008CB679 /* Frameworks */,
				B764E22725D3FF69008CB679 /* Resources */,
			);
			buildRules = (
			);
			dependencies = (
				B764E22B25D3FF69008CB679 /* PBXTargetDependency */,
			);
			name = iMovieTests;
			productName = iMovieTests;
			productReference = B764E22925D3FF69008CB679 /* iMovieTests.xctest */;
			productType = "com.apple.product-type.bundle.unit-test";
		};
		B764E23325D3FF69008CB679 /* iMovieUITests */ = {
			isa = PBXNativeTarget;
			buildConfigurationList = B764E24325D3FF69008CB679 /* Build configuration list for PBXNativeTarget "iMovieUITests" */;
			buildPhases = (
				B764E23025D3FF69008CB679 /* Sources */,
				B764E23125D3FF69008CB679 /* Frameworks */,
				B764E23225D3FF69008CB679 /* Resources */,
			);
			buildRules = (
			);
			dependencies = (
				B764E23625D3FF69008CB679 /* PBXTargetDependency */,
			);
			name = iMovieUITests;
			productName = iMovieUITests;
			productReference = B764E23425D3FF69008CB679 /* iMovieUITests.xctest */;
			productType = "com.apple.product-type.bundle.ui-testing";
		};
/* End PBXNativeTarget section */

/* Begin PBXProject section */
		B764E20825D3FF65008CB679 /* Project object */ = {
			isa = PBXProject;
			attributes = {
				LastSwiftUpdateCheck = 1220;
				LastUpgradeCheck = 1220;
				TargetAttributes = {
					B764E20F25D3FF65008CB679 = {
						CreatedOnToolsVersion = 12.2;
					};
					B764E22825D3FF69008CB679 = {
						CreatedOnToolsVersion = 12.2;
						TestTargetID = B764E20F25D3FF65008CB679;
					};
					B764E23325D3FF69008CB679 = {
						CreatedOnToolsVersion = 12.2;
						TestTargetID = B764E20F25D3FF65008CB679;
					};
				};
			};
			buildConfigurationList = B764E20B25D3FF65008CB679 /* Build configuration list for PBXProject "iMovie" */;
			compatibilityVersion = "Xcode 9.3";
			developmentRegion = en;
			hasScannedForEncodings = 0;
			knownRegions = (
				en,
				Base,
			);
			mainGroup = B764E20725D3FF65008CB679;
			productRefGroup = B764E21125D3FF65008CB679 /* Products */;
			projectDirPath = "";
			projectRoot = "";
			targets = (
				B764E20F25D3FF65008CB679 /* iMovie */,
				B764E22825D3FF69008CB679 /* iMovieTests */,
				B764E23325D3FF69008CB679 /* iMovieUITests */,
			);
		};
/* End PBXProject section */

/* Begin PBXResourcesBuildPhase section */
		B764E20E25D3FF65008CB679 /* Resources */ = {
			isa = PBXResourcesBuildPhase;
			buildActionMask = 2147483647;
			files = (
				B764E22325D3FF68008CB679 /* LaunchScreen.storyboard in Resources */,
				B764E22025D3FF68008CB679 /* Assets.xcassets in Resources */,
				B764E21B25D3FF65008CB679 /* Main.storyboard in Resources */,
			);
			runOnlyForDeploymentPostprocessing = 0;
		};
		B764E22725D3FF69008CB679 /* Resources */ = {
			isa = PBXResourcesBuildPhase;
			buildActionMask = 2147483647;
			files = (
			);
			runOnlyForDeploymentPostprocessing = 0;
		};
		B764E23225D3FF69008CB679 /* Resources */ = {
			isa = PBXResourcesBuildPhase;
			buildActionMask = 2147483647;
			files = (
			);
			runOnlyForDeploymentPostprocessing = 0;
		};
/* End PBXResourcesBuildPhase section */

/* Begin PBXSourcesBuildPhase section */
		B764E20C25D3FF65008CB679 /* Sources */ = {
			isa = PBXSourcesBuildPhase;
			buildActionMask = 2147483647;
			files = (
				B764E26225D40A0F008CB679 /* ImageDataLoader.swift in Sources */,
				B764E21E25D3FF65008CB679 /* iMovie.xcdatamodeld in Sources */,
				B764E26125D40A0F008CB679 /* RemoteImageDataLoader.swift in Sources */,
				B764E26025D40A0F008CB679 /* BaseHTTPClient.swift in Sources */,
				B764E21825D3FF65008CB679 /* ViewController.swift in Sources */,
				B764E21425D3FF65008CB679 /* AppDelegate.swift in Sources */,
			);
			runOnlyForDeploymentPostprocessing = 0;
		};
		B764E22525D3FF69008CB679 /* Sources */ = {
			isa = PBXSourcesBuildPhase;
			buildActionMask = 2147483647;
			files = (
				B764E22E25D3FF69008CB679 /* iMovieTests.swift in Sources */,
			);
			runOnlyForDeploymentPostprocessing = 0;
		};
		B764E23025D3FF69008CB679 /* Sources */ = {
			isa = PBXSourcesBuildPhase;
			buildActionMask = 2147483647;
			files = (
				B764E23925D3FF69008CB679 /* iMovieUITests.swift in Sources */,
			);
			runOnlyForDeploymentPostprocessing = 0;
		};
/* End PBXSourcesBuildPhase section */

/* Begin PBXTargetDependency section */
		B764E22B25D3FF69008CB679 /* PBXTargetDependency */ = {
			isa = PBXTargetDependency;
			target = B764E20F25D3FF65008CB679 /* iMovie */;
			targetProxy = B764E22A25D3FF69008CB679 /* PBXContainerItemProxy */;
		};
		B764E23625D3FF69008CB679 /* PBXTargetDependency */ = {
			isa = PBXTargetDependency;
			target = B764E20F25D3FF65008CB679 /* iMovie */;
			targetProxy = B764E23525D3FF69008CB679 /* PBXContainerItemProxy */;
		};
/* End PBXTargetDependency section */

/* Begin PBXVariantGroup section */
		B764E21925D3FF65008CB679 /* Main.storyboard */ = {
			isa = PBXVariantGroup;
			children = (
				B764E21A25D3FF65008CB679 /* Base */,
			);
			name = Main.storyboard;
			sourceTree = "<group>";
		};
		B764E22125D3FF68008CB679 /* LaunchScreen.storyboard */ = {
			isa = PBXVariantGroup;
			children = (
				B764E22225D3FF68008CB679 /* Base */,
			);
			name = LaunchScreen.storyboard;
			sourceTree = "<group>";
		};
/* End PBXVariantGroup section */

/* Begin XCBuildConfiguration section */
		B764E23B25D3FF69008CB679 /* Debug */ = {
			isa = XCBuildConfiguration;
			buildSettings = {
				ALWAYS_SEARCH_USER_PATHS = NO;
				CLANG_ANALYZER_NONNULL = YES;
				CLANG_ANALYZER_NUMBER_OBJECT_CONVERSION = YES_AGGRESSIVE;
				CLANG_CXX_LANGUAGE_STANDARD = "gnu++14";
				CLANG_CXX_LIBRARY = "libc++";
				CLANG_ENABLE_MODULES = YES;
				CLANG_ENABLE_OBJC_ARC = YES;
				CLANG_ENABLE_OBJC_WEAK = YES;
				CLANG_WARN_BLOCK_CAPTURE_AUTORELEASING = YES;
				CLANG_WARN_BOOL_CONVERSION = YES;
				CLANG_WARN_COMMA = YES;
				CLANG_WARN_CONSTANT_CONVERSION = YES;
				CLANG_WARN_DEPRECATED_OBJC_IMPLEMENTATIONS = YES;
				CLANG_WARN_DIRECT_OBJC_ISA_USAGE = YES_ERROR;
				CLANG_WARN_DOCUMENTATION_COMMENTS = YES;
				CLANG_WARN_EMPTY_BODY = YES;
				CLANG_WARN_ENUM_CONVERSION = YES;
				CLANG_WARN_INFINITE_RECURSION = YES;
				CLANG_WARN_INT_CONVERSION = YES;
				CLANG_WARN_NON_LITERAL_NULL_CONVERSION = YES;
				CLANG_WARN_OBJC_IMPLICIT_RETAIN_SELF = YES;
				CLANG_WARN_OBJC_LITERAL_CONVERSION = YES;
				CLANG_WARN_OBJC_ROOT_CLASS = YES_ERROR;
				CLANG_WARN_QUOTED_INCLUDE_IN_FRAMEWORK_HEADER = YES;
				CLANG_WARN_RANGE_LOOP_ANALYSIS = YES;
				CLANG_WARN_STRICT_PROTOTYPES = YES;
				CLANG_WARN_SUSPICIOUS_MOVE = YES;
				CLANG_WARN_UNGUARDED_AVAILABILITY = YES_AGGRESSIVE;
				CLANG_WARN_UNREACHABLE_CODE = YES;
				CLANG_WARN__DUPLICATE_METHOD_MATCH = YES;
				COPY_PHASE_STRIP = NO;
				DEBUG_INFORMATION_FORMAT = dwarf;
				ENABLE_STRICT_OBJC_MSGSEND = YES;
				ENABLE_TESTABILITY = YES;
				GCC_C_LANGUAGE_STANDARD = gnu11;
				GCC_DYNAMIC_NO_PIC = NO;
				GCC_NO_COMMON_BLOCKS = YES;
				GCC_OPTIMIZATION_LEVEL = 0;
				GCC_PREPROCESSOR_DEFINITIONS = (
					"DEBUG=1",
					"$(inherited)",
				);
				GCC_WARN_64_TO_32_BIT_CONVERSION = YES;
				GCC_WARN_ABOUT_RETURN_TYPE = YES_ERROR;
				GCC_WARN_UNDECLARED_SELECTOR = YES;
				GCC_WARN_UNINITIALIZED_AUTOS = YES_AGGRESSIVE;
				GCC_WARN_UNUSED_FUNCTION = YES;
				GCC_WARN_UNUSED_VARIABLE = YES;
				IPHONEOS_DEPLOYMENT_TARGET = 14.2;
				MTL_ENABLE_DEBUG_INFO = INCLUDE_SOURCE;
				MTL_FAST_MATH = YES;
				ONLY_ACTIVE_ARCH = YES;
				SDKROOT = iphoneos;
				SWIFT_ACTIVE_COMPILATION_CONDITIONS = DEBUG;
				SWIFT_OPTIMIZATION_LEVEL = "-Onone";
			};
			name = Debug;
		};
		B764E23C25D3FF69008CB679 /* Release */ = {
			isa = XCBuildConfiguration;
			buildSettings = {
				ALWAYS_SEARCH_USER_PATHS = NO;
				CLANG_ANALYZER_NONNULL = YES;
				CLANG_ANALYZER_NUMBER_OBJECT_CONVERSION = YES_AGGRESSIVE;
				CLANG_CXX_LANGUAGE_STANDARD = "gnu++14";
				CLANG_CXX_LIBRARY = "libc++";
				CLANG_ENABLE_MODULES = YES;
				CLANG_ENABLE_OBJC_ARC = YES;
				CLANG_ENABLE_OBJC_WEAK = YES;
				CLANG_WARN_BLOCK_CAPTURE_AUTORELEASING = YES;
				CLANG_WARN_BOOL_CONVERSION = YES;
				CLANG_WARN_COMMA = YES;
				CLANG_WARN_CONSTANT_CONVERSION = YES;
				CLANG_WARN_DEPRECATED_OBJC_IMPLEMENTATIONS = YES;
				CLANG_WARN_DIRECT_OBJC_ISA_USAGE = YES_ERROR;
				CLANG_WARN_DOCUMENTATION_COMMENTS = YES;
				CLANG_WARN_EMPTY_BODY = YES;
				CLANG_WARN_ENUM_CONVERSION = YES;
				CLANG_WARN_INFINITE_RECURSION = YES;
				CLANG_WARN_INT_CONVERSION = YES;
				CLANG_WARN_NON_LITERAL_NULL_CONVERSION = YES;
				CLANG_WARN_OBJC_IMPLICIT_RETAIN_SELF = YES;
				CLANG_WARN_OBJC_LITERAL_CONVERSION = YES;
				CLANG_WARN_OBJC_ROOT_CLASS = YES_ERROR;
				CLANG_WARN_QUOTED_INCLUDE_IN_FRAMEWORK_HEADER = YES;
				CLANG_WARN_RANGE_LOOP_ANALYSIS = YES;
				CLANG_WARN_STRICT_PROTOTYPES = YES;
				CLANG_WARN_SUSPICIOUS_MOVE = YES;
				CLANG_WARN_UNGUARDED_AVAILABILITY = YES_AGGRESSIVE;
				CLANG_WARN_UNREACHABLE_CODE = YES;
				CLANG_WARN__DUPLICATE_METHOD_MATCH = YES;
				COPY_PHASE_STRIP = NO;
				DEBUG_INFORMATION_FORMAT = "dwarf-with-dsym";
				ENABLE_NS_ASSERTIONS = NO;
				ENABLE_STRICT_OBJC_MSGSEND = YES;
				GCC_C_LANGUAGE_STANDARD = gnu11;
				GCC_NO_COMMON_BLOCKS = YES;
				GCC_WARN_64_TO_32_BIT_CONVERSION = YES;
				GCC_WARN_ABOUT_RETURN_TYPE = YES_ERROR;
				GCC_WARN_UNDECLARED_SELECTOR = YES;
				GCC_WARN_UNINITIALIZED_AUTOS = YES_AGGRESSIVE;
				GCC_WARN_UNUSED_FUNCTION = YES;
				GCC_WARN_UNUSED_VARIABLE = YES;
				IPHONEOS_DEPLOYMENT_TARGET = 14.2;
				MTL_ENABLE_DEBUG_INFO = NO;
				MTL_FAST_MATH = YES;
				SDKROOT = iphoneos;
				SWIFT_COMPILATION_MODE = wholemodule;
				SWIFT_OPTIMIZATION_LEVEL = "-O";
				VALIDATE_PRODUCT = YES;
			};
			name = Release;
		};
		B764E23E25D3FF69008CB679 /* Debug */ = {
			isa = XCBuildConfiguration;
			buildSettings = {
				ASSETCATALOG_COMPILER_APPICON_NAME = AppIcon;
				ASSETCATALOG_COMPILER_GLOBAL_ACCENT_COLOR_NAME = AccentColor;
				CODE_SIGN_STYLE = Automatic;
				DEVELOPMENT_TEAM = T2FWXW68AX;
				INFOPLIST_FILE = iMovie/Info.plist;
				IPHONEOS_DEPLOYMENT_TARGET = 12.0;
				LD_RUNPATH_SEARCH_PATHS = (
					"$(inherited)",
					"@executable_path/Frameworks",
				);
				PRODUCT_BUNDLE_IDENTIFIER = com.tyegah.iMovie;
				PRODUCT_NAME = "$(TARGET_NAME)";
				SWIFT_VERSION = 5.0;
				TARGETED_DEVICE_FAMILY = 1;
			};
			name = Debug;
		};
		B764E23F25D3FF69008CB679 /* Release */ = {
			isa = XCBuildConfiguration;
			buildSettings = {
				ASSETCATALOG_COMPILER_APPICON_NAME = AppIcon;
				ASSETCATALOG_COMPILER_GLOBAL_ACCENT_COLOR_NAME = AccentColor;
				CODE_SIGN_STYLE = Automatic;
				DEVELOPMENT_TEAM = T2FWXW68AX;
				INFOPLIST_FILE = iMovie/Info.plist;
				IPHONEOS_DEPLOYMENT_TARGET = 12.0;
				LD_RUNPATH_SEARCH_PATHS = (
					"$(inherited)",
					"@executable_path/Frameworks",
				);
				PRODUCT_BUNDLE_IDENTIFIER = com.tyegah.iMovie;
				PRODUCT_NAME = "$(TARGET_NAME)";
				SWIFT_VERSION = 5.0;
				TARGETED_DEVICE_FAMILY = 1;
			};
			name = Release;
		};
		B764E24125D3FF69008CB679 /* Debug */ = {
			isa = XCBuildConfiguration;
			buildSettings = {
				ALWAYS_EMBED_SWIFT_STANDARD_LIBRARIES = YES;
				BUNDLE_LOADER = "$(TEST_HOST)";
				CODE_SIGN_STYLE = Automatic;
				DEVELOPMENT_TEAM = T2FWXW68AX;
				INFOPLIST_FILE = iMovieTests/Info.plist;
				IPHONEOS_DEPLOYMENT_TARGET = 14.2;
				LD_RUNPATH_SEARCH_PATHS = (
					"$(inherited)",
					"@executable_path/Frameworks",
					"@loader_path/Frameworks",
				);
				PRODUCT_BUNDLE_IDENTIFIER = com.tyegah.iMovieTests;
				PRODUCT_NAME = "$(TARGET_NAME)";
				SWIFT_VERSION = 5.0;
				TARGETED_DEVICE_FAMILY = "1,2";
				TEST_HOST = "$(BUILT_PRODUCTS_DIR)/iMovie.app/iMovie";
			};
			name = Debug;
		};
		B764E24225D3FF69008CB679 /* Release */ = {
			isa = XCBuildConfiguration;
			buildSettings = {
				ALWAYS_EMBED_SWIFT_STANDARD_LIBRARIES = YES;
				BUNDLE_LOADER = "$(TEST_HOST)";
				CODE_SIGN_STYLE = Automatic;
				DEVELOPMENT_TEAM = T2FWXW68AX;
				INFOPLIST_FILE = iMovieTests/Info.plist;
				IPHONEOS_DEPLOYMENT_TARGET = 14.2;
				LD_RUNPATH_SEARCH_PATHS = (
					"$(inherited)",
					"@executable_path/Frameworks",
					"@loader_path/Frameworks",
				);
				PRODUCT_BUNDLE_IDENTIFIER = com.tyegah.iMovieTests;
				PRODUCT_NAME = "$(TARGET_NAME)";
				SWIFT_VERSION = 5.0;
				TARGETED_DEVICE_FAMILY = "1,2";
				TEST_HOST = "$(BUILT_PRODUCTS_DIR)/iMovie.app/iMovie";
			};
			name = Release;
		};
		B764E24425D3FF69008CB679 /* Debug */ = {
			isa = XCBuildConfiguration;
			buildSettings = {
				ALWAYS_EMBED_SWIFT_STANDARD_LIBRARIES = YES;
				CODE_SIGN_STYLE = Automatic;
				DEVELOPMENT_TEAM = T2FWXW68AX;
				INFOPLIST_FILE = iMovieUITests/Info.plist;
				LD_RUNPATH_SEARCH_PATHS = (
					"$(inherited)",
					"@executable_path/Frameworks",
					"@loader_path/Frameworks",
				);
				PRODUCT_BUNDLE_IDENTIFIER = com.tyegah.iMovieUITests;
				PRODUCT_NAME = "$(TARGET_NAME)";
				SWIFT_VERSION = 5.0;
				TARGETED_DEVICE_FAMILY = "1,2";
				TEST_TARGET_NAME = iMovie;
			};
			name = Debug;
		};
		B764E24525D3FF69008CB679 /* Release */ = {
			isa = XCBuildConfiguration;
			buildSettings = {
				ALWAYS_EMBED_SWIFT_STANDARD_LIBRARIES = YES;
				CODE_SIGN_STYLE = Automatic;
				DEVELOPMENT_TEAM = T2FWXW68AX;
				INFOPLIST_FILE = iMovieUITests/Info.plist;
				LD_RUNPATH_SEARCH_PATHS = (
					"$(inherited)",
					"@executable_path/Frameworks",
					"@loader_path/Frameworks",
				);
				PRODUCT_BUNDLE_IDENTIFIER = com.tyegah.iMovieUITests;
				PRODUCT_NAME = "$(TARGET_NAME)";
				SWIFT_VERSION = 5.0;
				TARGETED_DEVICE_FAMILY = "1,2";
				TEST_TARGET_NAME = iMovie;
			};
			name = Release;
		};
/* End XCBuildConfiguration section */

/* Begin XCConfigurationList section */
		B764E20B25D3FF65008CB679 /* Build configuration list for PBXProject "iMovie" */ = {
			isa = XCConfigurationList;
			buildConfigurations = (
				B764E23B25D3FF69008CB679 /* Debug */,
				B764E23C25D3FF69008CB679 /* Release */,
			);
			defaultConfigurationIsVisible = 0;
			defaultConfigurationName = Release;
		};
		B764E23D25D3FF69008CB679 /* Build configuration list for PBXNativeTarget "iMovie" */ = {
			isa = XCConfigurationList;
			buildConfigurations = (
				B764E23E25D3FF69008CB679 /* Debug */,
				B764E23F25D3FF69008CB679 /* Release */,
			);
			defaultConfigurationIsVisible = 0;
			defaultConfigurationName = Release;
		};
		B764E24025D3FF69008CB679 /* Build configuration list for PBXNativeTarget "iMovieTests" */ = {
			isa = XCConfigurationList;
			buildConfigurations = (
				B764E24125D3FF69008CB679 /* Debug */,
				B764E24225D3FF69008CB679 /* Release */,
			);
			defaultConfigurationIsVisible = 0;
			defaultConfigurationName = Release;
		};
		B764E24325D3FF69008CB679 /* Build configuration list for PBXNativeTarget "iMovieUITests" */ = {
			isa = XCConfigurationList;
			buildConfigurations = (
				B764E24425D3FF69008CB679 /* Debug */,
				B764E24525D3FF69008CB679 /* Release */,
			);
			defaultConfigurationIsVisible = 0;
			defaultConfigurationName = Release;
		};
/* End XCConfigurationList section */

/* Begin XCVersionGroup section */
		B764E21C25D3FF65008CB679 /* iMovie.xcdatamodeld */ = {
			isa = XCVersionGroup;
			children = (
				B764E21D25D3FF65008CB679 /* iMovie.xcdatamodel */,
			);
			currentVersion = B764E21D25D3FF65008CB679 /* iMovie.xcdatamodel */;
			path = iMovie.xcdatamodeld;
			sourceTree = "<group>";
			versionGroupType = wrapper.xcdatamodel;
		};
/* End XCVersionGroup section */
	};
	rootObject = B764E20825D3FF65008CB679 /* Project object */;
}
