// !$*UTF8*$!
{
	archiveVersion = 1;
	classes = {
	};
	objectVersion = 50;
	objects = {

/* Begin PBXBuildFile section */
		B764E21425D3FF65008CB679 /* AppDelegate.swift in Sources */ = {isa = PBXBuildFile; fileRef = B764E21325D3FF65008CB679 /* AppDelegate.swift */; };
		B764E21B25D3FF65008CB679 /* Main.storyboard in Resources */ = {isa = PBXBuildFile; fileRef = B764E21925D3FF65008CB679 /* Main.storyboard */; };
		B764E21E25D3FF65008CB679 /* iMovie.xcdatamodeld in Sources */ = {isa = PBXBuildFile; fileRef = B764E21C25D3FF65008CB679 /* iMovie.xcdatamodeld */; };
		B764E22025D3FF68008CB679 /* Assets.xcassets in Resources */ = {isa = PBXBuildFile; fileRef = B764E21F25D3FF68008CB679 /* Assets.xcassets */; };
		B764E22325D3FF68008CB679 /* LaunchScreen.storyboard in Resources */ = {isa = PBXBuildFile; fileRef = B764E22125D3FF68008CB679 /* LaunchScreen.storyboard */; };
		B764E22E25D3FF69008CB679 /* iMovieTests.swift in Sources */ = {isa = PBXBuildFile; fileRef = B764E22D25D3FF69008CB679 /* iMovieTests.swift */; };
		B764E23925D3FF69008CB679 /* iMovieUITests.swift in Sources */ = {isa = PBXBuildFile; fileRef = B764E23825D3FF69008CB679 /* iMovieUITests.swift */; };
		B764E26025D40A0F008CB679 /* BaseHTTPClient.swift in Sources */ = {isa = PBXBuildFile; fileRef = B764E25D25D40A0F008CB679 /* BaseHTTPClient.swift */; };
		B764E26125D40A0F008CB679 /* RemoteImageDataLoader.swift in Sources */ = {isa = PBXBuildFile; fileRef = B764E25E25D40A0F008CB679 /* RemoteImageDataLoader.swift */; };
		B764E26225D40A0F008CB679 /* ImageDataLoader.swift in Sources */ = {isa = PBXBuildFile; fileRef = B764E25F25D40A0F008CB679 /* ImageDataLoader.swift */; };
		B764E26E25D44C4D008CB679 /* GenreListTableViewController.swift in Sources */ = {isa = PBXBuildFile; fileRef = B764E26D25D44C4D008CB679 /* GenreListTableViewController.swift */; };
		B764E27325D44CE5008CB679 /* CellController.swift in Sources */ = {isa = PBXBuildFile; fileRef = B764E27225D44CE5008CB679 /* CellController.swift */; };
		B764E27925D44D59008CB679 /* GenreTableViewCell.swift in Sources */ = {isa = PBXBuildFile; fileRef = B764E27725D44D59008CB679 /* GenreTableViewCell.swift */; };
		B764E27A25D44D59008CB679 /* GenreTableViewCell.xib in Resources */ = {isa = PBXBuildFile; fileRef = B764E27825D44D59008CB679 /* GenreTableViewCell.xib */; };
		B764E27F25D44E7F008CB679 /* GenreTableCellController.swift in Sources */ = {isa = PBXBuildFile; fileRef = B764E27E25D44E7F008CB679 /* GenreTableCellController.swift */; };
		B764E28425D44F88008CB679 /* GenreViewModel.swift in Sources */ = {isa = PBXBuildFile; fileRef = B764E28325D44F88008CB679 /* GenreViewModel.swift */; };
		B764E28B25D44FF9008CB679 /* Animator.swift in Sources */ = {isa = PBXBuildFile; fileRef = B764E28925D44FF9008CB679 /* Animator.swift */; };
		B764E28C25D44FF9008CB679 /* Router.swift in Sources */ = {isa = PBXBuildFile; fileRef = B764E28A25D44FF9008CB679 /* Router.swift */; };
		B764E29525D45012008CB679 /* ModalTransition.swift in Sources */ = {isa = PBXBuildFile; fileRef = B764E29225D45012008CB679 /* ModalTransition.swift */; };
		B764E29625D45012008CB679 /* Transition.swift in Sources */ = {isa = PBXBuildFile; fileRef = B764E29325D45012008CB679 /* Transition.swift */; };
		B764E29725D45012008CB679 /* PushTransition.swift in Sources */ = {isa = PBXBuildFile; fileRef = B764E29425D45012008CB679 /* PushTransition.swift */; };
		B764E29C25D4502A008CB679 /* GenreListRouter.swift in Sources */ = {isa = PBXBuildFile; fileRef = B764E29B25D4502A008CB679 /* GenreListRouter.swift */; };
		B764E2A425D45110008CB679 /* Genre.swift in Sources */ = {isa = PBXBuildFile; fileRef = B764E2A325D45110008CB679 /* Genre.swift */; };
		B764E2A925D45153008CB679 /* GenreResponse.swift in Sources */ = {isa = PBXBuildFile; fileRef = B764E2A825D45153008CB679 /* GenreResponse.swift */; };
		B764E2AE25D451C8008CB679 /* GenreListLoader.swift in Sources */ = {isa = PBXBuildFile; fileRef = B764E2AD25D451C8008CB679 /* GenreListLoader.swift */; };
		B764E2B325D45260008CB679 /* GenreListRemoteLoader.swift in Sources */ = {isa = PBXBuildFile; fileRef = B764E2B225D45260008CB679 /* GenreListRemoteLoader.swift */; };
		B764E2B825D45312008CB679 /* GenreListResponseMapper.swift in Sources */ = {isa = PBXBuildFile; fileRef = B764E2B725D45312008CB679 /* GenreListResponseMapper.swift */; };
		B764E2C525D45576008CB679 /* UITableView+Extensions.swift in Sources */ = {isa = PBXBuildFile; fileRef = B764E2C425D45576008CB679 /* UITableView+Extensions.swift */; };
		B764E2CE25D45726008CB679 /* ModuleBuilder.swift in Sources */ = {isa = PBXBuildFile; fileRef = B764E2CD25D45726008CB679 /* ModuleBuilder.swift */; };
		B764E2D625D45779008CB679 /* GenreListModule.swift in Sources */ = {isa = PBXBuildFile; fileRef = B764E2D525D45779008CB679 /* GenreListModule.swift */; };
		B764E2DC25D457C7008CB679 /* WeakRefVirtualProxy.swift in Sources */ = {isa = PBXBuildFile; fileRef = B764E2DB25D457C7008CB679 /* WeakRefVirtualProxy.swift */; };
		B764E2E425D45E1A008CB679 /* MainQueueDispatchDecorator.swift in Sources */ = {isa = PBXBuildFile; fileRef = B764E2E325D45E1A008CB679 /* MainQueueDispatchDecorator.swift */; };
		B764E2E925D45E8B008CB679 /* GenreListPresentationAdapter.swift in Sources */ = {isa = PBXBuildFile; fileRef = B764E2E825D45E8B008CB679 /* GenreListPresentationAdapter.swift */; };
		B764E2EE25D45F04008CB679 /* GenreListPresenter.swift in Sources */ = {isa = PBXBuildFile; fileRef = B764E2ED25D45F04008CB679 /* GenreListPresenter.swift */; };
		B764E2F325D45FBB008CB679 /* Common.swift in Sources */ = {isa = PBXBuildFile; fileRef = B764E2F225D45FBB008CB679 /* Common.swift */; };
		B764E2F825D46028008CB679 /* GenreListViewAdapter.swift in Sources */ = {isa = PBXBuildFile; fileRef = B764E2F725D46028008CB679 /* GenreListViewAdapter.swift */; };
		B764E30125D46630008CB679 /* GenreCellPresentationAdapter.swift in Sources */ = {isa = PBXBuildFile; fileRef = B764E30025D46630008CB679 /* GenreCellPresentationAdapter.swift */; };
		B764E30625D467BD008CB679 /* GenreCellPresenter.swift in Sources */ = {isa = PBXBuildFile; fileRef = B764E30525D467BD008CB679 /* GenreCellPresenter.swift */; };
		B764E31425D47E9D008CB679 /* RefreshView.swift in Sources */ = {isa = PBXBuildFile; fileRef = B764E31225D47E9D008CB679 /* RefreshView.swift */; };
		B764E31525D47E9D008CB679 /* RefreshView.xib in Resources */ = {isa = PBXBuildFile; fileRef = B764E31325D47E9D008CB679 /* RefreshView.xib */; };
		B764E32025D48375008CB679 /* DiscoverResponse.swift in Sources */ = {isa = PBXBuildFile; fileRef = B764E31F25D48375008CB679 /* DiscoverResponse.swift */; };
		B764E32925D483FD008CB679 /* Discover.swift in Sources */ = {isa = PBXBuildFile; fileRef = B764E32825D483FD008CB679 /* Discover.swift */; };
		B764E33125D4849D008CB679 /* DiscoverListLoader.swift in Sources */ = {isa = PBXBuildFile; fileRef = B764E33025D4849D008CB679 /* DiscoverListLoader.swift */; };
		B764E33625D484D9008CB679 /* DiscoverListRemoteLoader.swift in Sources */ = {isa = PBXBuildFile; fileRef = B764E33525D484D9008CB679 /* DiscoverListRemoteLoader.swift */; };
		B764E33B25D48577008CB679 /* DiscoverListResponseMapper.swift in Sources */ = {isa = PBXBuildFile; fileRef = B764E33A25D48577008CB679 /* DiscoverListResponseMapper.swift */; };
		B764E34525D48A95008CB679 /* GenreDetailRouter.swift in Sources */ = {isa = PBXBuildFile; fileRef = B764E34425D48A95008CB679 /* GenreDetailRouter.swift */; };
		B764E35025D48BEC008CB679 /* MoviesListCollectionViewController.swift in Sources */ = {isa = PBXBuildFile; fileRef = B764E34F25D48BEC008CB679 /* MoviesListCollectionViewController.swift */; };
		B764E35825D48E34008CB679 /* GenreDetailModule.swift in Sources */ = {isa = PBXBuildFile; fileRef = B764E35725D48E34008CB679 /* GenreDetailModule.swift */; };
		B764E35D25D48E80008CB679 /* MoviesListPresentationAdapter.swift in Sources */ = {isa = PBXBuildFile; fileRef = B764E35C25D48E80008CB679 /* MoviesListPresentationAdapter.swift */; };
		B764E36225D48F49008CB679 /* MoviesListPresenter.swift in Sources */ = {isa = PBXBuildFile; fileRef = B764E36125D48F49008CB679 /* MoviesListPresenter.swift */; };
		B764E36725D4FC9E008CB679 /* MoviesListViewModel.swift in Sources */ = {isa = PBXBuildFile; fileRef = B764E36625D4FC9E008CB679 /* MoviesListViewModel.swift */; };
		B764E36C25D4FF80008CB679 /* MoviesListViewAdapter.swift in Sources */ = {isa = PBXBuildFile; fileRef = B764E36B25D4FF80008CB679 /* MoviesListViewAdapter.swift */; };
/* End PBXBuildFile section */

/* Begin PBXContainerItemProxy section */
		B764E22A25D3FF69008CB679 /* PBXContainerItemProxy */ = {
			isa = PBXContainerItemProxy;
			containerPortal = B764E20825D3FF65008CB679 /* Project object */;
			proxyType = 1;
			remoteGlobalIDString = B764E20F25D3FF65008CB679;
			remoteInfo = iMovie;
		};
		B764E23525D3FF69008CB679 /* PBXContainerItemProxy */ = {
			isa = PBXContainerItemProxy;
			containerPortal = B764E20825D3FF65008CB679 /* Project object */;
			proxyType = 1;
			remoteGlobalIDString = B764E20F25D3FF65008CB679;
			remoteInfo = iMovie;
		};
/* End PBXContainerItemProxy section */

/* Begin PBXFileReference section */
		B764E21025D3FF65008CB679 /* iMovie.app */ = {isa = PBXFileReference; explicitFileType = wrapper.application; includeInIndex = 0; path = iMovie.app; sourceTree = BUILT_PRODUCTS_DIR; };
		B764E21325D3FF65008CB679 /* AppDelegate.swift */ = {isa = PBXFileReference; lastKnownFileType = sourcecode.swift; path = AppDelegate.swift; sourceTree = "<group>"; };
		B764E21A25D3FF65008CB679 /* Base */ = {isa = PBXFileReference; lastKnownFileType = file.storyboard; name = Base; path = Base.lproj/Main.storyboard; sourceTree = "<group>"; };
		B764E21D25D3FF65008CB679 /* iMovie.xcdatamodel */ = {isa = PBXFileReference; lastKnownFileType = wrapper.xcdatamodel; path = iMovie.xcdatamodel; sourceTree = "<group>"; };
		B764E21F25D3FF68008CB679 /* Assets.xcassets */ = {isa = PBXFileReference; lastKnownFileType = folder.assetcatalog; path = Assets.xcassets; sourceTree = "<group>"; };
		B764E22225D3FF68008CB679 /* Base */ = {isa = PBXFileReference; lastKnownFileType = file.storyboard; name = Base; path = Base.lproj/LaunchScreen.storyboard; sourceTree = "<group>"; };
		B764E22425D3FF68008CB679 /* Info.plist */ = {isa = PBXFileReference; lastKnownFileType = text.plist.xml; path = Info.plist; sourceTree = "<group>"; };
		B764E22925D3FF69008CB679 /* iMovieTests.xctest */ = {isa = PBXFileReference; explicitFileType = wrapper.cfbundle; includeInIndex = 0; path = iMovieTests.xctest; sourceTree = BUILT_PRODUCTS_DIR; };
		B764E22D25D3FF69008CB679 /* iMovieTests.swift */ = {isa = PBXFileReference; lastKnownFileType = sourcecode.swift; path = iMovieTests.swift; sourceTree = "<group>"; };
		B764E22F25D3FF69008CB679 /* Info.plist */ = {isa = PBXFileReference; lastKnownFileType = text.plist.xml; path = Info.plist; sourceTree = "<group>"; };
		B764E23425D3FF69008CB679 /* iMovieUITests.xctest */ = {isa = PBXFileReference; explicitFileType = wrapper.cfbundle; includeInIndex = 0; path = iMovieUITests.xctest; sourceTree = BUILT_PRODUCTS_DIR; };
		B764E23825D3FF69008CB679 /* iMovieUITests.swift */ = {isa = PBXFileReference; lastKnownFileType = sourcecode.swift; path = iMovieUITests.swift; sourceTree = "<group>"; };
		B764E23A25D3FF69008CB679 /* Info.plist */ = {isa = PBXFileReference; lastKnownFileType = text.plist.xml; path = Info.plist; sourceTree = "<group>"; };
		B764E25D25D40A0F008CB679 /* BaseHTTPClient.swift */ = {isa = PBXFileReference; fileEncoding = 4; lastKnownFileType = sourcecode.swift; path = BaseHTTPClient.swift; sourceTree = "<group>"; };
		B764E25E25D40A0F008CB679 /* RemoteImageDataLoader.swift */ = {isa = PBXFileReference; fileEncoding = 4; lastKnownFileType = sourcecode.swift; path = RemoteImageDataLoader.swift; sourceTree = "<group>"; };
		B764E25F25D40A0F008CB679 /* ImageDataLoader.swift */ = {isa = PBXFileReference; fileEncoding = 4; lastKnownFileType = sourcecode.swift; path = ImageDataLoader.swift; sourceTree = "<group>"; };
		B764E26D25D44C4D008CB679 /* GenreListTableViewController.swift */ = {isa = PBXFileReference; lastKnownFileType = sourcecode.swift; path = GenreListTableViewController.swift; sourceTree = "<group>"; };
		B764E27225D44CE5008CB679 /* CellController.swift */ = {isa = PBXFileReference; lastKnownFileType = sourcecode.swift; path = CellController.swift; sourceTree = "<group>"; };
		B764E27725D44D59008CB679 /* GenreTableViewCell.swift */ = {isa = PBXFileReference; lastKnownFileType = sourcecode.swift; path = GenreTableViewCell.swift; sourceTree = "<group>"; };
		B764E27825D44D59008CB679 /* GenreTableViewCell.xib */ = {isa = PBXFileReference; lastKnownFileType = file.xib; path = GenreTableViewCell.xib; sourceTree = "<group>"; };
		B764E27E25D44E7F008CB679 /* GenreTableCellController.swift */ = {isa = PBXFileReference; lastKnownFileType = sourcecode.swift; path = GenreTableCellController.swift; sourceTree = "<group>"; };
		B764E28325D44F88008CB679 /* GenreViewModel.swift */ = {isa = PBXFileReference; lastKnownFileType = sourcecode.swift; path = GenreViewModel.swift; sourceTree = "<group>"; };
		B764E28925D44FF9008CB679 /* Animator.swift */ = {isa = PBXFileReference; fileEncoding = 4; lastKnownFileType = sourcecode.swift; path = Animator.swift; sourceTree = "<group>"; };
		B764E28A25D44FF9008CB679 /* Router.swift */ = {isa = PBXFileReference; fileEncoding = 4; lastKnownFileType = sourcecode.swift; path = Router.swift; sourceTree = "<group>"; };
		B764E29225D45012008CB679 /* ModalTransition.swift */ = {isa = PBXFileReference; fileEncoding = 4; lastKnownFileType = sourcecode.swift; path = ModalTransition.swift; sourceTree = "<group>"; };
		B764E29325D45012008CB679 /* Transition.swift */ = {isa = PBXFileReference; fileEncoding = 4; lastKnownFileType = sourcecode.swift; path = Transition.swift; sourceTree = "<group>"; };
		B764E29425D45012008CB679 /* PushTransition.swift */ = {isa = PBXFileReference; fileEncoding = 4; lastKnownFileType = sourcecode.swift; path = PushTransition.swift; sourceTree = "<group>"; };
		B764E29B25D4502A008CB679 /* GenreListRouter.swift */ = {isa = PBXFileReference; lastKnownFileType = sourcecode.swift; path = GenreListRouter.swift; sourceTree = "<group>"; };
		B764E2A325D45110008CB679 /* Genre.swift */ = {isa = PBXFileReference; lastKnownFileType = sourcecode.swift; path = Genre.swift; sourceTree = "<group>"; };
		B764E2A825D45153008CB679 /* GenreResponse.swift */ = {isa = PBXFileReference; lastKnownFileType = sourcecode.swift; path = GenreResponse.swift; sourceTree = "<group>"; };
		B764E2AD25D451C8008CB679 /* GenreListLoader.swift */ = {isa = PBXFileReference; lastKnownFileType = sourcecode.swift; path = GenreListLoader.swift; sourceTree = "<group>"; };
		B764E2B225D45260008CB679 /* GenreListRemoteLoader.swift */ = {isa = PBXFileReference; lastKnownFileType = sourcecode.swift; path = GenreListRemoteLoader.swift; sourceTree = "<group>"; };
		B764E2B725D45312008CB679 /* GenreListResponseMapper.swift */ = {isa = PBXFileReference; lastKnownFileType = sourcecode.swift; path = GenreListResponseMapper.swift; sourceTree = "<group>"; };
		B764E2C425D45576008CB679 /* UITableView+Extensions.swift */ = {isa = PBXFileReference; lastKnownFileType = sourcecode.swift; path = "UITableView+Extensions.swift"; sourceTree = "<group>"; };
		B764E2CD25D45726008CB679 /* ModuleBuilder.swift */ = {isa = PBXFileReference; lastKnownFileType = sourcecode.swift; path = ModuleBuilder.swift; sourceTree = "<group>"; };
		B764E2D525D45779008CB679 /* GenreListModule.swift */ = {isa = PBXFileReference; lastKnownFileType = sourcecode.swift; path = GenreListModule.swift; sourceTree = "<group>"; };
		B764E2DB25D457C7008CB679 /* WeakRefVirtualProxy.swift */ = {isa = PBXFileReference; lastKnownFileType = sourcecode.swift; path = WeakRefVirtualProxy.swift; sourceTree = "<group>"; };
		B764E2E325D45E1A008CB679 /* MainQueueDispatchDecorator.swift */ = {isa = PBXFileReference; lastKnownFileType = sourcecode.swift; path = MainQueueDispatchDecorator.swift; sourceTree = "<group>"; };
		B764E2E825D45E8B008CB679 /* GenreListPresentationAdapter.swift */ = {isa = PBXFileReference; lastKnownFileType = sourcecode.swift; path = GenreListPresentationAdapter.swift; sourceTree = "<group>"; };
		B764E2ED25D45F04008CB679 /* GenreListPresenter.swift */ = {isa = PBXFileReference; lastKnownFileType = sourcecode.swift; path = GenreListPresenter.swift; sourceTree = "<group>"; };
		B764E2F225D45FBB008CB679 /* Common.swift */ = {isa = PBXFileReference; lastKnownFileType = sourcecode.swift; path = Common.swift; sourceTree = "<group>"; };
		B764E2F725D46028008CB679 /* GenreListViewAdapter.swift */ = {isa = PBXFileReference; lastKnownFileType = sourcecode.swift; path = GenreListViewAdapter.swift; sourceTree = "<group>"; };
		B764E30025D46630008CB679 /* GenreCellPresentationAdapter.swift */ = {isa = PBXFileReference; lastKnownFileType = sourcecode.swift; path = GenreCellPresentationAdapter.swift; sourceTree = "<group>"; };
		B764E30525D467BD008CB679 /* GenreCellPresenter.swift */ = {isa = PBXFileReference; lastKnownFileType = sourcecode.swift; path = GenreCellPresenter.swift; sourceTree = "<group>"; };
		B764E31225D47E9D008CB679 /* RefreshView.swift */ = {isa = PBXFileReference; fileEncoding = 4; lastKnownFileType = sourcecode.swift; path = RefreshView.swift; sourceTree = "<group>"; };
		B764E31325D47E9D008CB679 /* RefreshView.xib */ = {isa = PBXFileReference; fileEncoding = 4; lastKnownFileType = file.xib; path = RefreshView.xib; sourceTree = "<group>"; };
		B764E31F25D48375008CB679 /* DiscoverResponse.swift */ = {isa = PBXFileReference; lastKnownFileType = sourcecode.swift; path = DiscoverResponse.swift; sourceTree = "<group>"; };
		B764E32825D483FD008CB679 /* Discover.swift */ = {isa = PBXFileReference; lastKnownFileType = sourcecode.swift; path = Discover.swift; sourceTree = "<group>"; };
		B764E33025D4849D008CB679 /* DiscoverListLoader.swift */ = {isa = PBXFileReference; lastKnownFileType = sourcecode.swift; path = DiscoverListLoader.swift; sourceTree = "<group>"; };
		B764E33525D484D9008CB679 /* DiscoverListRemoteLoader.swift */ = {isa = PBXFileReference; lastKnownFileType = sourcecode.swift; path = DiscoverListRemoteLoader.swift; sourceTree = "<group>"; };
		B764E33A25D48577008CB679 /* DiscoverListResponseMapper.swift */ = {isa = PBXFileReference; lastKnownFileType = sourcecode.swift; path = DiscoverListResponseMapper.swift; sourceTree = "<group>"; };
		B764E34425D48A95008CB679 /* GenreDetailRouter.swift */ = {isa = PBXFileReference; lastKnownFileType = sourcecode.swift; path = GenreDetailRouter.swift; sourceTree = "<group>"; };
		B764E34F25D48BEC008CB679 /* MoviesListCollectionViewController.swift */ = {isa = PBXFileReference; lastKnownFileType = sourcecode.swift; path = MoviesListCollectionViewController.swift; sourceTree = "<group>"; };
		B764E35725D48E34008CB679 /* GenreDetailModule.swift */ = {isa = PBXFileReference; lastKnownFileType = sourcecode.swift; path = GenreDetailModule.swift; sourceTree = "<group>"; };
		B764E35C25D48E80008CB679 /* MoviesListPresentationAdapter.swift */ = {isa = PBXFileReference; lastKnownFileType = sourcecode.swift; path = MoviesListPresentationAdapter.swift; sourceTree = "<group>"; };
		B764E36125D48F49008CB679 /* MoviesListPresenter.swift */ = {isa = PBXFileReference; lastKnownFileType = sourcecode.swift; path = MoviesListPresenter.swift; sourceTree = "<group>"; };
		B764E36625D4FC9E008CB679 /* MoviesListViewModel.swift */ = {isa = PBXFileReference; lastKnownFileType = sourcecode.swift; path = MoviesListViewModel.swift; sourceTree = "<group>"; };
		B764E36B25D4FF80008CB679 /* MoviesListViewAdapter.swift */ = {isa = PBXFileReference; lastKnownFileType = sourcecode.swift; path = MoviesListViewAdapter.swift; sourceTree = "<group>"; };
/* End PBXFileReference section */

/* Begin PBXFrameworksBuildPhase section */
		B764E20D25D3FF65008CB679 /* Frameworks */ = {
			isa = PBXFrameworksBuildPhase;
			buildActionMask = 2147483647;
			files = (
			);
			runOnlyForDeploymentPostprocessing = 0;
		};
		B764E22625D3FF69008CB679 /* Frameworks */ = {
			isa = PBXFrameworksBuildPhase;
			buildActionMask = 2147483647;
			files = (
			);
			runOnlyForDeploymentPostprocessing = 0;
		};
		B764E23125D3FF69008CB679 /* Frameworks */ = {
			isa = PBXFrameworksBuildPhase;
			buildActionMask = 2147483647;
			files = (
			);
			runOnlyForDeploymentPostprocessing = 0;
		};
/* End PBXFrameworksBuildPhase section */

/* Begin PBXGroup section */
		B764E20725D3FF65008CB679 = {
			isa = PBXGroup;
			children = (
				B764E21225D3FF65008CB679 /* iMovie */,
				B764E22C25D3FF69008CB679 /* iMovieTests */,
				B764E23725D3FF69008CB679 /* iMovieUITests */,
				B764E21125D3FF65008CB679 /* Products */,
			);
			sourceTree = "<group>";
		};
		B764E21125D3FF65008CB679 /* Products */ = {
			isa = PBXGroup;
			children = (
				B764E21025D3FF65008CB679 /* iMovie.app */,
				B764E22925D3FF69008CB679 /* iMovieTests.xctest */,
				B764E23425D3FF69008CB679 /* iMovieUITests.xctest */,
			);
			name = Products;
			sourceTree = "<group>";
		};
		B764E21225D3FF65008CB679 /* iMovie */ = {
			isa = PBXGroup;
			children = (
				B764E25B25D409DA008CB679 /* Features */,
				B764E25A25D409C2008CB679 /* Core */,
				B764E24D25D3FFD9008CB679 /* Storyboards */,
				B764E21325D3FF65008CB679 /* AppDelegate.swift */,
				B764E21F25D3FF68008CB679 /* Assets.xcassets */,
				B764E22425D3FF68008CB679 /* Info.plist */,
				B764E21C25D3FF65008CB679 /* iMovie.xcdatamodeld */,
			);
			path = iMovie;
			sourceTree = "<group>";
		};
		B764E22C25D3FF69008CB679 /* iMovieTests */ = {
			isa = PBXGroup;
			children = (
				B764E22D25D3FF69008CB679 /* iMovieTests.swift */,
				B764E22F25D3FF69008CB679 /* Info.plist */,
			);
			path = iMovieTests;
			sourceTree = "<group>";
		};
		B764E23725D3FF69008CB679 /* iMovieUITests */ = {
			isa = PBXGroup;
			children = (
				B764E23825D3FF69008CB679 /* iMovieUITests.swift */,
				B764E23A25D3FF69008CB679 /* Info.plist */,
			);
			path = iMovieUITests;
			sourceTree = "<group>";
		};
		B764E24D25D3FFD9008CB679 /* Storyboards */ = {
			isa = PBXGroup;
			children = (
				B764E21925D3FF65008CB679 /* Main.storyboard */,
				B764E22125D3FF68008CB679 /* LaunchScreen.storyboard */,
			);
			path = Storyboards;
			sourceTree = "<group>";
		};
		B764E25A25D409C2008CB679 /* Core */ = {
			isa = PBXGroup;
			children = (
				B764E2CC25D4571B008CB679 /* Factory */,
				B764E2C225D45560008CB679 /* Helpers */,
				B764E28825D44FD4008CB679 /* Routing */,
				B764E25C25D409F9008CB679 /* API */,
			);
			path = Core;
			sourceTree = "<group>";
		};
		B764E25B25D409DA008CB679 /* Features */ = {
			isa = PBXGroup;
			children = (
				B764E26825D40E34008CB679 /* Movie Details */,
				B764E26725D40E2A008CB679 /* Movies List By Genre */,
				B764E26625D40E0A008CB679 /* Genres List */,
			);
			path = Features;
			sourceTree = "<group>";
		};
		B764E25C25D409F9008CB679 /* API */ = {
			isa = PBXGroup;
			children = (
				B764E25D25D40A0F008CB679 /* BaseHTTPClient.swift */,
				B764E25F25D40A0F008CB679 /* ImageDataLoader.swift */,
				B764E25E25D40A0F008CB679 /* RemoteImageDataLoader.swift */,
			);
			path = API;
			sourceTree = "<group>";
		};
		B764E26625D40E0A008CB679 /* Genres List */ = {
			isa = PBXGroup;
			children = (
				B764E2A225D4509D008CB679 /* Presentation */,
				B764E2A125D45093008CB679 /* Domain */,
				B764E2A025D45082008CB679 /* Routing */,
				B764E26925D40E4C008CB679 /* Data */,
			);
			path = "Genres List";
			sourceTree = "<group>";
		};
		B764E26725D40E2A008CB679 /* Movies List By Genre */ = {
			isa = PBXGroup;
			children = (
				B764E34325D48A22008CB679 /* Presentation */,
				B764E33F25D487FC008CB679 /* Routing */,
				B764E32725D483E9008CB679 /* Domain */,
				B764E31E25D48364008CB679 /* Data */,
			);
			path = "Movies List By Genre";
			sourceTree = "<group>";
		};
		B764E26825D40E34008CB679 /* Movie Details */ = {
			isa = PBXGroup;
			children = (
			);
			path = "Movie Details";
			sourceTree = "<group>";
		};
		B764E26925D40E4C008CB679 /* Data */ = {
			isa = PBXGroup;
			children = (
				B764E2B225D45260008CB679 /* GenreListRemoteLoader.swift */,
				B764E2A825D45153008CB679 /* GenreResponse.swift */,
				B764E2AD25D451C8008CB679 /* GenreListLoader.swift */,
				B764E2B725D45312008CB679 /* GenreListResponseMapper.swift */,
			);
			path = Data;
			sourceTree = "<group>";
		};
		B764E28825D44FD4008CB679 /* Routing */ = {
			isa = PBXGroup;
			children = (
				B764E29125D45012008CB679 /* Transitions */,
				B764E28925D44FF9008CB679 /* Animator.swift */,
				B764E28A25D44FF9008CB679 /* Router.swift */,
			);
			path = Routing;
			sourceTree = "<group>";
		};
		B764E29125D45012008CB679 /* Transitions */ = {
			isa = PBXGroup;
			children = (
				B764E29225D45012008CB679 /* ModalTransition.swift */,
				B764E29325D45012008CB679 /* Transition.swift */,
				B764E29425D45012008CB679 /* PushTransition.swift */,
			);
			path = Transitions;
			sourceTree = "<group>";
		};
		B764E2A025D45082008CB679 /* Routing */ = {
			isa = PBXGroup;
			children = (
				B764E29B25D4502A008CB679 /* GenreListRouter.swift */,
				B764E2D525D45779008CB679 /* GenreListModule.swift */,
			);
			path = Routing;
			sourceTree = "<group>";
		};
		B764E2A125D45093008CB679 /* Domain */ = {
			isa = PBXGroup;
			children = (
				B764E2A325D45110008CB679 /* Genre.swift */,
			);
			path = Domain;
			sourceTree = "<group>";
		};
		B764E2A225D4509D008CB679 /* Presentation */ = {
			isa = PBXGroup;
			children = (
				B764E31925D47FEB008CB679 /* View Controllers */,
				B764E2FC25D46184008CB679 /* Cell Presentation */,
				B764E28325D44F88008CB679 /* GenreViewModel.swift */,
				B764E2E825D45E8B008CB679 /* GenreListPresentationAdapter.swift */,
				B764E2ED25D45F04008CB679 /* GenreListPresenter.swift */,
				B764E2F725D46028008CB679 /* GenreListViewAdapter.swift */,
			);
			path = Presentation;
			sourceTree = "<group>";
		};
		B764E2C225D45560008CB679 /* Helpers */ = {
			isa = PBXGroup;
			children = (
				B764E31025D47E75008CB679 /* Custom Views */,
				B764E2DA25D457AA008CB679 /* Utils */,
				B764E2C325D45569008CB679 /* Extensions */,
			);
			path = Helpers;
			sourceTree = "<group>";
		};
		B764E2C325D45569008CB679 /* Extensions */ = {
			isa = PBXGroup;
			children = (
				B764E2C425D45576008CB679 /* UITableView+Extensions.swift */,
			);
			path = Extensions;
			sourceTree = "<group>";
		};
		B764E2CC25D4571B008CB679 /* Factory */ = {
			isa = PBXGroup;
			children = (
				B764E2CD25D45726008CB679 /* ModuleBuilder.swift */,
			);
			path = Factory;
			sourceTree = "<group>";
		};
		B764E2DA25D457AA008CB679 /* Utils */ = {
			isa = PBXGroup;
			children = (
				B764E2DB25D457C7008CB679 /* WeakRefVirtualProxy.swift */,
				B764E2E325D45E1A008CB679 /* MainQueueDispatchDecorator.swift */,
				B764E2F225D45FBB008CB679 /* Common.swift */,
			);
			path = Utils;
			sourceTree = "<group>";
		};
		B764E2FC25D46184008CB679 /* Cell Presentation */ = {
			isa = PBXGroup;
			children = (
				B764E31A25D47FFA008CB679 /* UITableVIewCell */,
				B764E27E25D44E7F008CB679 /* GenreTableCellController.swift */,
				B764E27225D44CE5008CB679 /* CellController.swift */,
				B764E30025D46630008CB679 /* GenreCellPresentationAdapter.swift */,
				B764E30525D467BD008CB679 /* GenreCellPresenter.swift */,
			);
			path = "Cell Presentation";
			sourceTree = "<group>";
		};
		B764E31025D47E75008CB679 /* Custom Views */ = {
			isa = PBXGroup;
			children = (
				B764E31125D47E7C008CB679 /* Refresh View */,
			);
			path = "Custom Views";
			sourceTree = "<group>";
		};
		B764E31125D47E7C008CB679 /* Refresh View */ = {
			isa = PBXGroup;
			children = (
				B764E31225D47E9D008CB679 /* RefreshView.swift */,
				B764E31325D47E9D008CB679 /* RefreshView.xib */,
			);
			path = "Refresh View";
			sourceTree = "<group>";
		};
		B764E31925D47FEB008CB679 /* View Controllers */ = {
			isa = PBXGroup;
			children = (
				B764E26D25D44C4D008CB679 /* GenreListTableViewController.swift */,
			);
			path = "View Controllers";
			sourceTree = "<group>";
		};
		B764E31A25D47FFA008CB679 /* UITableVIewCell */ = {
			isa = PBXGroup;
			children = (
				B764E27725D44D59008CB679 /* GenreTableViewCell.swift */,
				B764E27825D44D59008CB679 /* GenreTableViewCell.xib */,
			);
			path = UITableVIewCell;
			sourceTree = "<group>";
		};
		B764E31E25D48364008CB679 /* Data */ = {
			isa = PBXGroup;
			children = (
				B764E31F25D48375008CB679 /* DiscoverResponse.swift */,
				B764E33025D4849D008CB679 /* DiscoverListLoader.swift */,
				B764E33525D484D9008CB679 /* DiscoverListRemoteLoader.swift */,
				B764E33A25D48577008CB679 /* DiscoverListResponseMapper.swift */,
			);
			path = Data;
			sourceTree = "<group>";
		};
		B764E32725D483E9008CB679 /* Domain */ = {
			isa = PBXGroup;
			children = (
				B764E32825D483FD008CB679 /* Discover.swift */,
			);
			path = Domain;
			sourceTree = "<group>";
		};
		B764E33F25D487FC008CB679 /* Routing */ = {
			isa = PBXGroup;
			children = (
				B764E34425D48A95008CB679 /* GenreDetailRouter.swift */,
				B764E35725D48E34008CB679 /* GenreDetailModule.swift */,
			);
			path = Routing;
			sourceTree = "<group>";
		};
		B764E34325D48A22008CB679 /* Presentation */ = {
			isa = PBXGroup;
			children = (
				B7B5B45E25D5062300187751 /* Cell Presentation */,
				B764E34F25D48BEC008CB679 /* MoviesListCollectionViewController.swift */,
				B764E35C25D48E80008CB679 /* MoviesListPresentationAdapter.swift */,
				B764E36125D48F49008CB679 /* MoviesListPresenter.swift */,
				B764E36625D4FC9E008CB679 /* MoviesListViewModel.swift */,
				B764E36B25D4FF80008CB679 /* MoviesListViewAdapter.swift */,
			);
			path = Presentation;
			sourceTree = "<group>";
		};
		B7B5B45E25D5062300187751 /* Cell Presentation */ = {
			isa = PBXGroup;
			children = (
			);
			path = "Cell Presentation";
			sourceTree = "<group>";
		};
/* End PBXGroup section */

/* Begin PBXNativeTarget section */
		B764E20F25D3FF65008CB679 /* iMovie */ = {
			isa = PBXNativeTarget;
			buildConfigurationList = B764E23D25D3FF69008CB679 /* Build configuration list for PBXNativeTarget "iMovie" */;
			buildPhases = (
				B764E20C25D3FF65008CB679 /* Sources */,
				B764E20D25D3FF65008CB679 /* Frameworks */,
				B764E20E25D3FF65008CB679 /* Resources */,
			);
			buildRules = (
			);
			dependencies = (
			);
			name = iMovie;
			productName = iMovie;
			productReference = B764E21025D3FF65008CB679 /* iMovie.app */;
			productType = "com.apple.product-type.application";
		};
		B764E22825D3FF69008CB679 /* iMovieTests */ = {
			isa = PBXNativeTarget;
			buildConfigurationList = B764E24025D3FF69008CB679 /* Build configuration list for PBXNativeTarget "iMovieTests" */;
			buildPhases = (
				B764E22525D3FF69008CB679 /* Sources */,
				B764E22625D3FF69008CB679 /* Frameworks */,
				B764E22725D3FF69008CB679 /* Resources */,
			);
			buildRules = (
			);
			dependencies = (
				B764E22B25D3FF69008CB679 /* PBXTargetDependency */,
			);
			name = iMovieTests;
			productName = iMovieTests;
			productReference = B764E22925D3FF69008CB679 /* iMovieTests.xctest */;
			productType = "com.apple.product-type.bundle.unit-test";
		};
		B764E23325D3FF69008CB679 /* iMovieUITests */ = {
			isa = PBXNativeTarget;
			buildConfigurationList = B764E24325D3FF69008CB679 /* Build configuration list for PBXNativeTarget "iMovieUITests" */;
			buildPhases = (
				B764E23025D3FF69008CB679 /* Sources */,
				B764E23125D3FF69008CB679 /* Frameworks */,
				B764E23225D3FF69008CB679 /* Resources */,
			);
			buildRules = (
			);
			dependencies = (
				B764E23625D3FF69008CB679 /* PBXTargetDependency */,
			);
			name = iMovieUITests;
			productName = iMovieUITests;
			productReference = B764E23425D3FF69008CB679 /* iMovieUITests.xctest */;
			productType = "com.apple.product-type.bundle.ui-testing";
		};
/* End PBXNativeTarget section */

/* Begin PBXProject section */
		B764E20825D3FF65008CB679 /* Project object */ = {
			isa = PBXProject;
			attributes = {
				LastSwiftUpdateCheck = 1220;
				LastUpgradeCheck = 1220;
				TargetAttributes = {
					B764E20F25D3FF65008CB679 = {
						CreatedOnToolsVersion = 12.2;
					};
					B764E22825D3FF69008CB679 = {
						CreatedOnToolsVersion = 12.2;
						TestTargetID = B764E20F25D3FF65008CB679;
					};
					B764E23325D3FF69008CB679 = {
						CreatedOnToolsVersion = 12.2;
						TestTargetID = B764E20F25D3FF65008CB679;
					};
				};
			};
			buildConfigurationList = B764E20B25D3FF65008CB679 /* Build configuration list for PBXProject "iMovie" */;
			compatibilityVersion = "Xcode 9.3";
			developmentRegion = en;
			hasScannedForEncodings = 0;
			knownRegions = (
				en,
				Base,
			);
			mainGroup = B764E20725D3FF65008CB679;
			productRefGroup = B764E21125D3FF65008CB679 /* Products */;
			projectDirPath = "";
			projectRoot = "";
			targets = (
				B764E20F25D3FF65008CB679 /* iMovie */,
				B764E22825D3FF69008CB679 /* iMovieTests */,
				B764E23325D3FF69008CB679 /* iMovieUITests */,
			);
		};
/* End PBXProject section */

/* Begin PBXResourcesBuildPhase section */
		B764E20E25D3FF65008CB679 /* Resources */ = {
			isa = PBXResourcesBuildPhase;
			buildActionMask = 2147483647;
			files = (
				B764E22325D3FF68008CB679 /* LaunchScreen.storyboard in Resources */,
				B764E22025D3FF68008CB679 /* Assets.xcassets in Resources */,
				B764E21B25D3FF65008CB679 /* Main.storyboard in Resources */,
				B764E27A25D44D59008CB679 /* GenreTableViewCell.xib in Resources */,
				B764E31525D47E9D008CB679 /* RefreshView.xib in Resources */,
			);
			runOnlyForDeploymentPostprocessing = 0;
		};
		B764E22725D3FF69008CB679 /* Resources */ = {
			isa = PBXResourcesBuildPhase;
			buildActionMask = 2147483647;
			files = (
			);
			runOnlyForDeploymentPostprocessing = 0;
		};
		B764E23225D3FF69008CB679 /* Resources */ = {
			isa = PBXResourcesBuildPhase;
			buildActionMask = 2147483647;
			files = (
			);
			runOnlyForDeploymentPostprocessing = 0;
		};
/* End PBXResourcesBuildPhase section */

/* Begin PBXSourcesBuildPhase section */
		B764E20C25D3FF65008CB679 /* Sources */ = {
			isa = PBXSourcesBuildPhase;
			buildActionMask = 2147483647;
			files = (
				B764E31425D47E9D008CB679 /* RefreshView.swift in Sources */,
				B764E33125D4849D008CB679 /* DiscoverListLoader.swift in Sources */,
				B764E2EE25D45F04008CB679 /* GenreListPresenter.swift in Sources */,
				B764E30625D467BD008CB679 /* GenreCellPresenter.swift in Sources */,
				B764E29625D45012008CB679 /* Transition.swift in Sources */,
				B764E30125D46630008CB679 /* GenreCellPresentationAdapter.swift in Sources */,
				B764E35D25D48E80008CB679 /* MoviesListPresentationAdapter.swift in Sources */,
				B764E2E425D45E1A008CB679 /* MainQueueDispatchDecorator.swift in Sources */,
				B764E32925D483FD008CB679 /* Discover.swift in Sources */,
				B764E28B25D44FF9008CB679 /* Animator.swift in Sources */,
				B764E26225D40A0F008CB679 /* ImageDataLoader.swift in Sources */,
				B764E2B825D45312008CB679 /* GenreListResponseMapper.swift in Sources */,
				B764E2B325D45260008CB679 /* GenreListRemoteLoader.swift in Sources */,
				B764E21E25D3FF65008CB679 /* iMovie.xcdatamodeld in Sources */,
				B764E36C25D4FF80008CB679 /* MoviesListViewAdapter.swift in Sources */,
				B764E26125D40A0F008CB679 /* RemoteImageDataLoader.swift in Sources */,
				B764E27325D44CE5008CB679 /* CellController.swift in Sources */,
				B764E26025D40A0F008CB679 /* BaseHTTPClient.swift in Sources */,
				B764E29C25D4502A008CB679 /* GenreListRouter.swift in Sources */,
				B764E2CE25D45726008CB679 /* ModuleBuilder.swift in Sources */,
				B764E36725D4FC9E008CB679 /* MoviesListViewModel.swift in Sources */,
				B764E26E25D44C4D008CB679 /* GenreListTableViewController.swift in Sources */,
				B764E2C525D45576008CB679 /* UITableView+Extensions.swift in Sources */,
				B764E34525D48A95008CB679 /* GenreDetailRouter.swift in Sources */,
				B764E21425D3FF65008CB679 /* AppDelegate.swift in Sources */,
				B764E29725D45012008CB679 /* PushTransition.swift in Sources */,
				B764E33625D484D9008CB679 /* DiscoverListRemoteLoader.swift in Sources */,
				B764E27F25D44E7F008CB679 /* GenreTableCellController.swift in Sources */,
				B764E33B25D48577008CB679 /* DiscoverListResponseMapper.swift in Sources */,
				B764E27925D44D59008CB679 /* GenreTableViewCell.swift in Sources */,
				B764E2E925D45E8B008CB679 /* GenreListPresentationAdapter.swift in Sources */,
				B764E2D625D45779008CB679 /* GenreListModule.swift in Sources */,
				B764E35025D48BEC008CB679 /* MoviesListCollectionViewController.swift in Sources */,
				B764E2A425D45110008CB679 /* Genre.swift in Sources */,
				B764E28425D44F88008CB679 /* GenreViewModel.swift in Sources */,
				B764E2AE25D451C8008CB679 /* GenreListLoader.swift in Sources */,
				B764E29525D45012008CB679 /* ModalTransition.swift in Sources */,
				B764E2A925D45153008CB679 /* GenreResponse.swift in Sources */,
				B764E2DC25D457C7008CB679 /* WeakRefVirtualProxy.swift in Sources */,
				B764E2F325D45FBB008CB679 /* Common.swift in Sources */,
				B764E32025D48375008CB679 /* DiscoverResponse.swift in Sources */,
				B764E28C25D44FF9008CB679 /* Router.swift in Sources */,
				B764E36225D48F49008CB679 /* MoviesListPresenter.swift in Sources */,
				B764E2F825D46028008CB679 /* GenreListViewAdapter.swift in Sources */,
				B764E35825D48E34008CB679 /* GenreDetailModule.swift in Sources */,
			);
			runOnlyForDeploymentPostprocessing = 0;
		};
		B764E22525D3FF69008CB679 /* Sources */ = {
			isa = PBXSourcesBuildPhase;
			buildActionMask = 2147483647;
			files = (
				B764E22E25D3FF69008CB679 /* iMovieTests.swift in Sources */,
			);
			runOnlyForDeploymentPostprocessing = 0;
		};
		B764E23025D3FF69008CB679 /* Sources */ = {
			isa = PBXSourcesBuildPhase;
			buildActionMask = 2147483647;
			files = (
				B764E23925D3FF69008CB679 /* iMovieUITests.swift in Sources */,
			);
			runOnlyForDeploymentPostprocessing = 0;
		};
/* End PBXSourcesBuildPhase section */

/* Begin PBXTargetDependency section */
		B764E22B25D3FF69008CB679 /* PBXTargetDependency */ = {
			isa = PBXTargetDependency;
			target = B764E20F25D3FF65008CB679 /* iMovie */;
			targetProxy = B764E22A25D3FF69008CB679 /* PBXContainerItemProxy */;
		};
		B764E23625D3FF69008CB679 /* PBXTargetDependency */ = {
			isa = PBXTargetDependency;
			target = B764E20F25D3FF65008CB679 /* iMovie */;
			targetProxy = B764E23525D3FF69008CB679 /* PBXContainerItemProxy */;
		};
/* End PBXTargetDependency section */

/* Begin PBXVariantGroup section */
		B764E21925D3FF65008CB679 /* Main.storyboard */ = {
			isa = PBXVariantGroup;
			children = (
				B764E21A25D3FF65008CB679 /* Base */,
			);
			name = Main.storyboard;
			sourceTree = "<group>";
		};
		B764E22125D3FF68008CB679 /* LaunchScreen.storyboard */ = {
			isa = PBXVariantGroup;
			children = (
				B764E22225D3FF68008CB679 /* Base */,
			);
			name = LaunchScreen.storyboard;
			sourceTree = "<group>";
		};
/* End PBXVariantGroup section */

/* Begin XCBuildConfiguration section */
		B764E23B25D3FF69008CB679 /* Debug */ = {
			isa = XCBuildConfiguration;
			buildSettings = {
				ALWAYS_SEARCH_USER_PATHS = NO;
				CLANG_ANALYZER_NONNULL = YES;
				CLANG_ANALYZER_NUMBER_OBJECT_CONVERSION = YES_AGGRESSIVE;
				CLANG_CXX_LANGUAGE_STANDARD = "gnu++14";
				CLANG_CXX_LIBRARY = "libc++";
				CLANG_ENABLE_MODULES = YES;
				CLANG_ENABLE_OBJC_ARC = YES;
				CLANG_ENABLE_OBJC_WEAK = YES;
				CLANG_WARN_BLOCK_CAPTURE_AUTORELEASING = YES;
				CLANG_WARN_BOOL_CONVERSION = YES;
				CLANG_WARN_COMMA = YES;
				CLANG_WARN_CONSTANT_CONVERSION = YES;
				CLANG_WARN_DEPRECATED_OBJC_IMPLEMENTATIONS = YES;
				CLANG_WARN_DIRECT_OBJC_ISA_USAGE = YES_ERROR;
				CLANG_WARN_DOCUMENTATION_COMMENTS = YES;
				CLANG_WARN_EMPTY_BODY = YES;
				CLANG_WARN_ENUM_CONVERSION = YES;
				CLANG_WARN_INFINITE_RECURSION = YES;
				CLANG_WARN_INT_CONVERSION = YES;
				CLANG_WARN_NON_LITERAL_NULL_CONVERSION = YES;
				CLANG_WARN_OBJC_IMPLICIT_RETAIN_SELF = YES;
				CLANG_WARN_OBJC_LITERAL_CONVERSION = YES;
				CLANG_WARN_OBJC_ROOT_CLASS = YES_ERROR;
				CLANG_WARN_QUOTED_INCLUDE_IN_FRAMEWORK_HEADER = YES;
				CLANG_WARN_RANGE_LOOP_ANALYSIS = YES;
				CLANG_WARN_STRICT_PROTOTYPES = YES;
				CLANG_WARN_SUSPICIOUS_MOVE = YES;
				CLANG_WARN_UNGUARDED_AVAILABILITY = YES_AGGRESSIVE;
				CLANG_WARN_UNREACHABLE_CODE = YES;
				CLANG_WARN__DUPLICATE_METHOD_MATCH = YES;
				COPY_PHASE_STRIP = NO;
				DEBUG_INFORMATION_FORMAT = dwarf;
				ENABLE_STRICT_OBJC_MSGSEND = YES;
				ENABLE_TESTABILITY = YES;
				GCC_C_LANGUAGE_STANDARD = gnu11;
				GCC_DYNAMIC_NO_PIC = NO;
				GCC_NO_COMMON_BLOCKS = YES;
				GCC_OPTIMIZATION_LEVEL = 0;
				GCC_PREPROCESSOR_DEFINITIONS = (
					"DEBUG=1",
					"$(inherited)",
				);
				GCC_WARN_64_TO_32_BIT_CONVERSION = YES;
				GCC_WARN_ABOUT_RETURN_TYPE = YES_ERROR;
				GCC_WARN_UNDECLARED_SELECTOR = YES;
				GCC_WARN_UNINITIALIZED_AUTOS = YES_AGGRESSIVE;
				GCC_WARN_UNUSED_FUNCTION = YES;
				GCC_WARN_UNUSED_VARIABLE = YES;
				IPHONEOS_DEPLOYMENT_TARGET = 14.2;
				MTL_ENABLE_DEBUG_INFO = INCLUDE_SOURCE;
				MTL_FAST_MATH = YES;
				ONLY_ACTIVE_ARCH = YES;
				SDKROOT = iphoneos;
				SWIFT_ACTIVE_COMPILATION_CONDITIONS = DEBUG;
				SWIFT_OPTIMIZATION_LEVEL = "-Onone";
			};
			name = Debug;
		};
		B764E23C25D3FF69008CB679 /* Release */ = {
			isa = XCBuildConfiguration;
			buildSettings = {
				ALWAYS_SEARCH_USER_PATHS = NO;
				CLANG_ANALYZER_NONNULL = YES;
				CLANG_ANALYZER_NUMBER_OBJECT_CONVERSION = YES_AGGRESSIVE;
				CLANG_CXX_LANGUAGE_STANDARD = "gnu++14";
				CLANG_CXX_LIBRARY = "libc++";
				CLANG_ENABLE_MODULES = YES;
				CLANG_ENABLE_OBJC_ARC = YES;
				CLANG_ENABLE_OBJC_WEAK = YES;
				CLANG_WARN_BLOCK_CAPTURE_AUTORELEASING = YES;
				CLANG_WARN_BOOL_CONVERSION = YES;
				CLANG_WARN_COMMA = YES;
				CLANG_WARN_CONSTANT_CONVERSION = YES;
				CLANG_WARN_DEPRECATED_OBJC_IMPLEMENTATIONS = YES;
				CLANG_WARN_DIRECT_OBJC_ISA_USAGE = YES_ERROR;
				CLANG_WARN_DOCUMENTATION_COMMENTS = YES;
				CLANG_WARN_EMPTY_BODY = YES;
				CLANG_WARN_ENUM_CONVERSION = YES;
				CLANG_WARN_INFINITE_RECURSION = YES;
				CLANG_WARN_INT_CONVERSION = YES;
				CLANG_WARN_NON_LITERAL_NULL_CONVERSION = YES;
				CLANG_WARN_OBJC_IMPLICIT_RETAIN_SELF = YES;
				CLANG_WARN_OBJC_LITERAL_CONVERSION = YES;
				CLANG_WARN_OBJC_ROOT_CLASS = YES_ERROR;
				CLANG_WARN_QUOTED_INCLUDE_IN_FRAMEWORK_HEADER = YES;
				CLANG_WARN_RANGE_LOOP_ANALYSIS = YES;
				CLANG_WARN_STRICT_PROTOTYPES = YES;
				CLANG_WARN_SUSPICIOUS_MOVE = YES;
				CLANG_WARN_UNGUARDED_AVAILABILITY = YES_AGGRESSIVE;
				CLANG_WARN_UNREACHABLE_CODE = YES;
				CLANG_WARN__DUPLICATE_METHOD_MATCH = YES;
				COPY_PHASE_STRIP = NO;
				DEBUG_INFORMATION_FORMAT = "dwarf-with-dsym";
				ENABLE_NS_ASSERTIONS = NO;
				ENABLE_STRICT_OBJC_MSGSEND = YES;
				GCC_C_LANGUAGE_STANDARD = gnu11;
				GCC_NO_COMMON_BLOCKS = YES;
				GCC_WARN_64_TO_32_BIT_CONVERSION = YES;
				GCC_WARN_ABOUT_RETURN_TYPE = YES_ERROR;
				GCC_WARN_UNDECLARED_SELECTOR = YES;
				GCC_WARN_UNINITIALIZED_AUTOS = YES_AGGRESSIVE;
				GCC_WARN_UNUSED_FUNCTION = YES;
				GCC_WARN_UNUSED_VARIABLE = YES;
				IPHONEOS_DEPLOYMENT_TARGET = 14.2;
				MTL_ENABLE_DEBUG_INFO = NO;
				MTL_FAST_MATH = YES;
				SDKROOT = iphoneos;
				SWIFT_COMPILATION_MODE = wholemodule;
				SWIFT_OPTIMIZATION_LEVEL = "-O";
				VALIDATE_PRODUCT = YES;
			};
			name = Release;
		};
		B764E23E25D3FF69008CB679 /* Debug */ = {
			isa = XCBuildConfiguration;
			buildSettings = {
				ASSETCATALOG_COMPILER_APPICON_NAME = AppIcon;
				ASSETCATALOG_COMPILER_GLOBAL_ACCENT_COLOR_NAME = AccentColor;
				CODE_SIGN_STYLE = Automatic;
				DEVELOPMENT_TEAM = T2FWXW68AX;
				INFOPLIST_FILE = iMovie/Info.plist;
				IPHONEOS_DEPLOYMENT_TARGET = 12.0;
				LD_RUNPATH_SEARCH_PATHS = (
					"$(inherited)",
					"@executable_path/Frameworks",
				);
				PRODUCT_BUNDLE_IDENTIFIER = com.tyegah.iMovie;
				PRODUCT_NAME = "$(TARGET_NAME)";
				SWIFT_VERSION = 5.0;
				TARGETED_DEVICE_FAMILY = 1;
			};
			name = Debug;
		};
		B764E23F25D3FF69008CB679 /* Release */ = {
			isa = XCBuildConfiguration;
			buildSettings = {
				ASSETCATALOG_COMPILER_APPICON_NAME = AppIcon;
				ASSETCATALOG_COMPILER_GLOBAL_ACCENT_COLOR_NAME = AccentColor;
				CODE_SIGN_STYLE = Automatic;
				DEVELOPMENT_TEAM = T2FWXW68AX;
				INFOPLIST_FILE = iMovie/Info.plist;
				IPHONEOS_DEPLOYMENT_TARGET = 12.0;
				LD_RUNPATH_SEARCH_PATHS = (
					"$(inherited)",
					"@executable_path/Frameworks",
				);
				PRODUCT_BUNDLE_IDENTIFIER = com.tyegah.iMovie;
				PRODUCT_NAME = "$(TARGET_NAME)";
				SWIFT_VERSION = 5.0;
				TARGETED_DEVICE_FAMILY = 1;
			};
			name = Release;
		};
		B764E24125D3FF69008CB679 /* Debug */ = {
			isa = XCBuildConfiguration;
			buildSettings = {
				ALWAYS_EMBED_SWIFT_STANDARD_LIBRARIES = YES;
				BUNDLE_LOADER = "$(TEST_HOST)";
				CODE_SIGN_STYLE = Automatic;
				DEVELOPMENT_TEAM = T2FWXW68AX;
				INFOPLIST_FILE = iMovieTests/Info.plist;
				IPHONEOS_DEPLOYMENT_TARGET = 14.2;
				LD_RUNPATH_SEARCH_PATHS = (
					"$(inherited)",
					"@executable_path/Frameworks",
					"@loader_path/Frameworks",
				);
				PRODUCT_BUNDLE_IDENTIFIER = com.tyegah.iMovieTests;
				PRODUCT_NAME = "$(TARGET_NAME)";
				SWIFT_VERSION = 5.0;
				TARGETED_DEVICE_FAMILY = "1,2";
				TEST_HOST = "$(BUILT_PRODUCTS_DIR)/iMovie.app/iMovie";
			};
			name = Debug;
		};
		B764E24225D3FF69008CB679 /* Release */ = {
			isa = XCBuildConfiguration;
			buildSettings = {
				ALWAYS_EMBED_SWIFT_STANDARD_LIBRARIES = YES;
				BUNDLE_LOADER = "$(TEST_HOST)";
				CODE_SIGN_STYLE = Automatic;
				DEVELOPMENT_TEAM = T2FWXW68AX;
				INFOPLIST_FILE = iMovieTests/Info.plist;
				IPHONEOS_DEPLOYMENT_TARGET = 14.2;
				LD_RUNPATH_SEARCH_PATHS = (
					"$(inherited)",
					"@executable_path/Frameworks",
					"@loader_path/Frameworks",
				);
				PRODUCT_BUNDLE_IDENTIFIER = com.tyegah.iMovieTests;
				PRODUCT_NAME = "$(TARGET_NAME)";
				SWIFT_VERSION = 5.0;
				TARGETED_DEVICE_FAMILY = "1,2";
				TEST_HOST = "$(BUILT_PRODUCTS_DIR)/iMovie.app/iMovie";
			};
			name = Release;
		};
		B764E24425D3FF69008CB679 /* Debug */ = {
			isa = XCBuildConfiguration;
			buildSettings = {
				ALWAYS_EMBED_SWIFT_STANDARD_LIBRARIES = YES;
				CODE_SIGN_STYLE = Automatic;
				DEVELOPMENT_TEAM = T2FWXW68AX;
				INFOPLIST_FILE = iMovieUITests/Info.plist;
				LD_RUNPATH_SEARCH_PATHS = (
					"$(inherited)",
					"@executable_path/Frameworks",
					"@loader_path/Frameworks",
				);
				PRODUCT_BUNDLE_IDENTIFIER = com.tyegah.iMovieUITests;
				PRODUCT_NAME = "$(TARGET_NAME)";
				SWIFT_VERSION = 5.0;
				TARGETED_DEVICE_FAMILY = "1,2";
				TEST_TARGET_NAME = iMovie;
			};
			name = Debug;
		};
		B764E24525D3FF69008CB679 /* Release */ = {
			isa = XCBuildConfiguration;
			buildSettings = {
				ALWAYS_EMBED_SWIFT_STANDARD_LIBRARIES = YES;
				CODE_SIGN_STYLE = Automatic;
				DEVELOPMENT_TEAM = T2FWXW68AX;
				INFOPLIST_FILE = iMovieUITests/Info.plist;
				LD_RUNPATH_SEARCH_PATHS = (
					"$(inherited)",
					"@executable_path/Frameworks",
					"@loader_path/Frameworks",
				);
				PRODUCT_BUNDLE_IDENTIFIER = com.tyegah.iMovieUITests;
				PRODUCT_NAME = "$(TARGET_NAME)";
				SWIFT_VERSION = 5.0;
				TARGETED_DEVICE_FAMILY = "1,2";
				TEST_TARGET_NAME = iMovie;
			};
			name = Release;
		};
/* End XCBuildConfiguration section */

/* Begin XCConfigurationList section */
		B764E20B25D3FF65008CB679 /* Build configuration list for PBXProject "iMovie" */ = {
			isa = XCConfigurationList;
			buildConfigurations = (
				B764E23B25D3FF69008CB679 /* Debug */,
				B764E23C25D3FF69008CB679 /* Release */,
			);
			defaultConfigurationIsVisible = 0;
			defaultConfigurationName = Release;
		};
		B764E23D25D3FF69008CB679 /* Build configuration list for PBXNativeTarget "iMovie" */ = {
			isa = XCConfigurationList;
			buildConfigurations = (
				B764E23E25D3FF69008CB679 /* Debug */,
				B764E23F25D3FF69008CB679 /* Release */,
			);
			defaultConfigurationIsVisible = 0;
			defaultConfigurationName = Release;
		};
		B764E24025D3FF69008CB679 /* Build configuration list for PBXNativeTarget "iMovieTests" */ = {
			isa = XCConfigurationList;
			buildConfigurations = (
				B764E24125D3FF69008CB679 /* Debug */,
				B764E24225D3FF69008CB679 /* Release */,
			);
			defaultConfigurationIsVisible = 0;
			defaultConfigurationName = Release;
		};
		B764E24325D3FF69008CB679 /* Build configuration list for PBXNativeTarget "iMovieUITests" */ = {
			isa = XCConfigurationList;
			buildConfigurations = (
				B764E24425D3FF69008CB679 /* Debug */,
				B764E24525D3FF69008CB679 /* Release */,
			);
			defaultConfigurationIsVisible = 0;
			defaultConfigurationName = Release;
		};
/* End XCConfigurationList section */

/* Begin XCVersionGroup section */
		B764E21C25D3FF65008CB679 /* iMovie.xcdatamodeld */ = {
			isa = XCVersionGroup;
			children = (
				B764E21D25D3FF65008CB679 /* iMovie.xcdatamodel */,
			);
			currentVersion = B764E21D25D3FF65008CB679 /* iMovie.xcdatamodel */;
			path = iMovie.xcdatamodeld;
			sourceTree = "<group>";
			versionGroupType = wrapper.xcdatamodel;
		};
/* End XCVersionGroup section */
	};
	rootObject = B764E20825D3FF65008CB679 /* Project object */;
}
